{
  "name": "demo",
  "version": "1.0.0",
  "lockfileVersion": 1,
  "requires": true,
  "dependencies": {
    "js-dom-ui-plugin": {
      "version": "1.0.0",
      "resolved": "https://registry.npmjs.org/js-dom-ui-plugin/-/js-dom-ui-plugin-1.0.0.tgz",
      "integrity": "sha512-FHv3IW2Fmkj68h0RxNySvXIjRH6rZbakGymIqAN3IryZEAuMlqpwiIS+s6l9SfaGgqP5eY5xI/wBQxHCVplYcg=="
    }
  }
}
